// !$*UTF8*$!
{
	archiveVersion = 1;
	classes = {
	};
	objectVersion = 46;
	objects = {

/* Begin PBXBuildFile section */
		BC2344E0225FF45A00F38D94 /* ReactNativeFlurryConfigListener.m in Sources */ = {isa = PBXBuildFile; fileRef = BC2344DF225FF45A00F38D94 /* ReactNativeFlurryConfigListener.m */; };
		BC4520FB212753B100EDF713 /* ReactNativeFlurry.m in Sources */ = {isa = PBXBuildFile; fileRef = BC45200B21274B4D00EDF713 /* ReactNativeFlurry.m */; };
		BC79F55722C18FEE006BE0D5 /* ReactNativeFlurry.m in Sources */ = {isa = PBXBuildFile; fileRef = BC45200B21274B4D00EDF713 /* ReactNativeFlurry.m */; };
		BC79F55822C18FF1006BE0D5 /* ReactNativeFlurryMessagingListener.m in Sources */ = {isa = PBXBuildFile; fileRef = BC65D17F224AA21B003F3A4D /* ReactNativeFlurryMessagingListener.m */; };
		BC79F55922C18FF4006BE0D5 /* ReactNativeFlurryConfigListener.m in Sources */ = {isa = PBXBuildFile; fileRef = BC2344DF225FF45A00F38D94 /* ReactNativeFlurryConfigListener.m */; };
		BCAE274322D6A62700310C31 /* ReactNativeFlurryMessagingListener.m in Sources */ = {isa = PBXBuildFile; fileRef = BC65D17F224AA21B003F3A4D /* ReactNativeFlurryMessagingListener.m */; };
		BCAE274422D6A62700310C31 /* ReactNativeFlurryMessagingListener.m in Sources */ = {isa = PBXBuildFile; fileRef = BC65D17F224AA21B003F3A4D /* ReactNativeFlurryMessagingListener.m */; };
		BCAE274522D6A62700310C31 /* ReactNativeFlurryConfigListener.m in Sources */ = {isa = PBXBuildFile; fileRef = BC2344DF225FF45A00F38D94 /* ReactNativeFlurryConfigListener.m */; };
		BCBC948422934CD3008720F2 /* ReactNativeFlurry.m in Sources */ = {isa = PBXBuildFile; fileRef = BC45200B21274B4D00EDF713 /* ReactNativeFlurry.m */; };
/* End PBXBuildFile section */

/* Begin PBXCopyFilesBuildPhase section */
		58B511D91A9E6C8500147676 /* CopyFiles */ = {
			isa = PBXCopyFilesBuildPhase;
			buildActionMask = 2147483647;
			dstPath = "include/$(PRODUCT_NAME)";
			dstSubfolderSpec = 16;
			files = (
			);
			runOnlyForDeploymentPostprocessing = 0;
		};
		BC79F54622C18FC9006BE0D5 /* CopyFiles */ = {
			isa = PBXCopyFilesBuildPhase;
			buildActionMask = 2147483647;
			dstPath = "include/$(PRODUCT_NAME)";
			dstSubfolderSpec = 16;
			files = (
			);
			runOnlyForDeploymentPostprocessing = 0;
		};
		BCBC947522934C97008720F2 /* CopyFiles */ = {
			isa = PBXCopyFilesBuildPhase;
			buildActionMask = 2147483647;
			dstPath = "include/$(PRODUCT_NAME)";
			dstSubfolderSpec = 16;
			files = (
			);
			runOnlyForDeploymentPostprocessing = 0;
		};
/* End PBXCopyFilesBuildPhase section */

/* Begin PBXFileReference section */
		134814201AA4EA6300B7C361 /* libReactNativeFlurry.a */ = {isa = PBXFileReference; explicitFileType = archive.ar; includeInIndex = 0; path = libReactNativeFlurry.a; sourceTree = BUILT_PRODUCTS_DIR; };
		BC2344DE225FF45A00F38D94 /* ReactNativeFlurryConfigListener.h */ = {isa = PBXFileReference; lastKnownFileType = sourcecode.c.h; path = ReactNativeFlurryConfigListener.h; sourceTree = "<group>"; };
		BC2344DF225FF45A00F38D94 /* ReactNativeFlurryConfigListener.m */ = {isa = PBXFileReference; lastKnownFileType = sourcecode.c.objc; path = ReactNativeFlurryConfigListener.m; sourceTree = "<group>"; };
		BC45200A21274B4D00EDF713 /* ReactNativeFlurry.h */ = {isa = PBXFileReference; lastKnownFileType = sourcecode.c.h; path = ReactNativeFlurry.h; sourceTree = "<group>"; };
		BC45200B21274B4D00EDF713 /* ReactNativeFlurry.m */ = {isa = PBXFileReference; lastKnownFileType = sourcecode.c.objc; path = ReactNativeFlurry.m; sourceTree = "<group>"; };
		BC65D17E224AA21B003F3A4D /* ReactNativeFlurryMessagingListener.h */ = {isa = PBXFileReference; lastKnownFileType = sourcecode.c.h; path = ReactNativeFlurryMessagingListener.h; sourceTree = "<group>"; };
		BC65D17F224AA21B003F3A4D /* ReactNativeFlurryMessagingListener.m */ = {isa = PBXFileReference; lastKnownFileType = sourcecode.c.objc; path = ReactNativeFlurryMessagingListener.m; sourceTree = "<group>"; };
		BC79F54822C18FC9006BE0D5 /* libReactNativeFlurryWithMessaging.a */ = {isa = PBXFileReference; explicitFileType = archive.ar; includeInIndex = 0; path = libReactNativeFlurryWithMessaging.a; sourceTree = BUILT_PRODUCTS_DIR; };
		BCBC947722934C97008720F2 /* libReactNativeFlurryTVOS.a */ = {isa = PBXFileReference; explicitFileType = archive.ar; includeInIndex = 0; path = libReactNativeFlurryTVOS.a; sourceTree = BUILT_PRODUCTS_DIR; };
/* End PBXFileReference section */

/* Begin PBXFrameworksBuildPhase section */
		58B511D81A9E6C8500147676 /* Frameworks */ = {
			isa = PBXFrameworksBuildPhase;
			buildActionMask = 2147483647;
			files = (
			);
			runOnlyForDeploymentPostprocessing = 0;
		};
		BC79F54522C18FC9006BE0D5 /* Frameworks */ = {
			isa = PBXFrameworksBuildPhase;
			buildActionMask = 2147483647;
			files = (
			);
			runOnlyForDeploymentPostprocessing = 0;
		};
		BCBC947422934C97008720F2 /* Frameworks */ = {
			isa = PBXFrameworksBuildPhase;
			buildActionMask = 2147483647;
			files = (
			);
			runOnlyForDeploymentPostprocessing = 0;
		};
/* End PBXFrameworksBuildPhase section */

/* Begin PBXGroup section */
		134814211AA4EA7D00B7C361 /* Products */ = {
			isa = PBXGroup;
			children = (
				134814201AA4EA6300B7C361 /* libReactNativeFlurry.a */,
			);
			name = Products;
			sourceTree = "<group>";
		};
		58B511D21A9E6C8500147676 = {
			isa = PBXGroup;
			children = (
				BC45200921274B4D00EDF713 /* ReactNativeFlurry */,
				134814211AA4EA7D00B7C361 /* Products */,
				BCBC947722934C97008720F2 /* libReactNativeFlurryTVOS.a */,
				BC79F54822C18FC9006BE0D5 /* libReactNativeFlurryWithMessaging.a */,
			);
			sourceTree = "<group>";
		};
		BC45200921274B4D00EDF713 /* ReactNativeFlurry */ = {
			isa = PBXGroup;
			children = (
				BC45200A21274B4D00EDF713 /* ReactNativeFlurry.h */,
				BC45200B21274B4D00EDF713 /* ReactNativeFlurry.m */,
				BC65D17E224AA21B003F3A4D /* ReactNativeFlurryMessagingListener.h */,
				BC65D17F224AA21B003F3A4D /* ReactNativeFlurryMessagingListener.m */,
				BC2344DE225FF45A00F38D94 /* ReactNativeFlurryConfigListener.h */,
				BC2344DF225FF45A00F38D94 /* ReactNativeFlurryConfigListener.m */,
			);
			path = ReactNativeFlurry;
			sourceTree = "<group>";
		};
/* End PBXGroup section */

/* Begin PBXNativeTarget section */
		58B511DA1A9E6C8500147676 /* ReactNativeFlurry */ = {
			isa = PBXNativeTarget;
			buildConfigurationList = 58B511EF1A9E6C8500147676 /* Build configuration list for PBXNativeTarget "ReactNativeFlurry" */;
			buildPhases = (
				58B511D71A9E6C8500147676 /* Sources */,
				58B511D81A9E6C8500147676 /* Frameworks */,
				58B511D91A9E6C8500147676 /* CopyFiles */,
			);
			buildRules = (
			);
			dependencies = (
			);
			name = ReactNativeFlurry;
			productName = RCTDataManager;
			productReference = 134814201AA4EA6300B7C361 /* libReactNativeFlurry.a */;
			productType = "com.apple.product-type.library.static";
		};
		BC79F54722C18FC9006BE0D5 /* ReactNativeFlurryWithMessaging */ = {
			isa = PBXNativeTarget;
			buildConfigurationList = BC79F55022C18FC9006BE0D5 /* Build configuration list for PBXNativeTarget "ReactNativeFlurryWithMessaging" */;
			buildPhases = (
				BC79F54422C18FC9006BE0D5 /* Sources */,
				BC79F54522C18FC9006BE0D5 /* Frameworks */,
				BC79F54622C18FC9006BE0D5 /* CopyFiles */,
			);
			buildRules = (
			);
			dependencies = (
			);
			name = ReactNativeFlurryWithMessaging;
			productName = ReactNativeFlurryWithMessaging;
			productReference = BC79F54822C18FC9006BE0D5 /* libReactNativeFlurryWithMessaging.a */;
			productType = "com.apple.product-type.library.static";
		};
		BCBC947622934C97008720F2 /* ReactNativeFlurryTVOS */ = {
			isa = PBXNativeTarget;
			buildConfigurationList = BCBC947D22934C98008720F2 /* Build configuration list for PBXNativeTarget "ReactNativeFlurryTVOS" */;
			buildPhases = (
				BCBC947322934C97008720F2 /* Sources */,
				BCBC947422934C97008720F2 /* Frameworks */,
				BCBC947522934C97008720F2 /* CopyFiles */,
			);
			buildRules = (
			);
			dependencies = (
			);
			name = ReactNativeFlurryTVOS;
			productName = ReactNativeFlurryTV;
			productReference = BCBC947722934C97008720F2 /* libReactNativeFlurryTVOS.a */;
			productType = "com.apple.product-type.library.static";
		};
/* End PBXNativeTarget section */

/* Begin PBXProject section */
		58B511D31A9E6C8500147676 /* Project object */ = {
			isa = PBXProject;
			attributes = {
				LastUpgradeCheck = 0830;
				ORGANIZATIONNAME = Facebook;
				TargetAttributes = {
					58B511DA1A9E6C8500147676 = {
						CreatedOnToolsVersion = 6.1.1;
					};
					BC79F54722C18FC9006BE0D5 = {
						CreatedOnToolsVersion = 10.2.1;
						ProvisioningStyle = Automatic;
					};
					BCBC947622934C97008720F2 = {
						CreatedOnToolsVersion = 10.2.1;
						ProvisioningStyle = Automatic;
					};
				};
			};
			buildConfigurationList = 58B511D61A9E6C8500147676 /* Build configuration list for PBXProject "ReactNativeFlurry" */;
			compatibilityVersion = "Xcode 3.2";
			developmentRegion = English;
			hasScannedForEncodings = 0;
			knownRegions = (
				English,
				en,
			);
			mainGroup = 58B511D21A9E6C8500147676;
			productRefGroup = 58B511D21A9E6C8500147676;
			projectDirPath = "";
			projectRoot = "";
			targets = (
				58B511DA1A9E6C8500147676 /* ReactNativeFlurry */,
				BC79F54722C18FC9006BE0D5 /* ReactNativeFlurryWithMessaging */,
				BCBC947622934C97008720F2 /* ReactNativeFlurryTVOS */,
			);
		};
/* End PBXProject section */

/* Begin PBXSourcesBuildPhase section */
		58B511D71A9E6C8500147676 /* Sources */ = {
			isa = PBXSourcesBuildPhase;
			buildActionMask = 2147483647;
			files = (
				BCAE274422D6A62700310C31 /* ReactNativeFlurryMessagingListener.m in Sources */,
				BC4520FB212753B100EDF713 /* ReactNativeFlurry.m in Sources */,
				BC2344E0225FF45A00F38D94 /* ReactNativeFlurryConfigListener.m in Sources */,
			);
			runOnlyForDeploymentPostprocessing = 0;
		};
		BC79F54422C18FC9006BE0D5 /* Sources */ = {
			isa = PBXSourcesBuildPhase;
			buildActionMask = 2147483647;
			files = (
				BC79F55722C18FEE006BE0D5 /* ReactNativeFlurry.m in Sources */,
				BC79F55822C18FF1006BE0D5 /* ReactNativeFlurryMessagingListener.m in Sources */,
				BC79F55922C18FF4006BE0D5 /* ReactNativeFlurryConfigListener.m in Sources */,
			);
			runOnlyForDeploymentPostprocessing = 0;
		};
		BCBC947322934C97008720F2 /* Sources */ = {
			isa = PBXSourcesBuildPhase;
			buildActionMask = 2147483647;
			files = (
				BCBC948422934CD3008720F2 /* ReactNativeFlurry.m in Sources */,
				BCAE274522D6A62700310C31 /* ReactNativeFlurryConfigListener.m in Sources */,
				BCAE274322D6A62700310C31 /* ReactNativeFlurryMessagingListener.m in Sources */,
			);
			runOnlyForDeploymentPostprocessing = 0;
		};
/* End PBXSourcesBuildPhase section */

/* Begin XCBuildConfiguration section */
		58B511ED1A9E6C8500147676 /* Debug */ = {
			isa = XCBuildConfiguration;
			buildSettings = {
				ALWAYS_SEARCH_USER_PATHS = NO;
				CLANG_CXX_LANGUAGE_STANDARD = "gnu++0x";
				CLANG_CXX_LIBRARY = "libc++";
				CLANG_ENABLE_MODULES = YES;
				CLANG_ENABLE_OBJC_ARC = YES;
				CLANG_WARN_BOOL_CONVERSION = YES;
				CLANG_WARN_CONSTANT_CONVERSION = YES;
				CLANG_WARN_DIRECT_OBJC_ISA_USAGE = YES_ERROR;
				CLANG_WARN_EMPTY_BODY = YES;
				CLANG_WARN_ENUM_CONVERSION = YES;
				CLANG_WARN_INFINITE_RECURSION = YES;
				CLANG_WARN_INT_CONVERSION = YES;
				CLANG_WARN_OBJC_ROOT_CLASS = YES_ERROR;
				CLANG_WARN_SUSPICIOUS_MOVE = YES;
				CLANG_WARN_UNREACHABLE_CODE = YES;
				CLANG_WARN__DUPLICATE_METHOD_MATCH = YES;
				COPY_PHASE_STRIP = NO;
				ENABLE_STRICT_OBJC_MSGSEND = YES;
				ENABLE_TESTABILITY = YES;
				GCC_C_LANGUAGE_STANDARD = gnu99;
				GCC_DYNAMIC_NO_PIC = NO;
				GCC_NO_COMMON_BLOCKS = YES;
				GCC_OPTIMIZATION_LEVEL = 0;
				GCC_PREPROCESSOR_DEFINITIONS = "DEBUG=1";
				GCC_SYMBOLS_PRIVATE_EXTERN = NO;
				GCC_WARN_64_TO_32_BIT_CONVERSION = YES;
				GCC_WARN_ABOUT_RETURN_TYPE = YES_ERROR;
				GCC_WARN_UNDECLARED_SELECTOR = YES;
				GCC_WARN_UNINITIALIZED_AUTOS = YES_AGGRESSIVE;
				GCC_WARN_UNUSED_FUNCTION = YES;
				GCC_WARN_UNUSED_VARIABLE = YES;
				IPHONEOS_DEPLOYMENT_TARGET = 8.0;
				MTL_ENABLE_DEBUG_INFO = YES;
				ONLY_ACTIVE_ARCH = YES;
				SDKROOT = iphoneos;
			};
			name = Debug;
		};
		58B511EE1A9E6C8500147676 /* Release */ = {
			isa = XCBuildConfiguration;
			buildSettings = {
				ALWAYS_SEARCH_USER_PATHS = NO;
				CLANG_CXX_LANGUAGE_STANDARD = "gnu++0x";
				CLANG_CXX_LIBRARY = "libc++";
				CLANG_ENABLE_MODULES = YES;
				CLANG_ENABLE_OBJC_ARC = YES;
				CLANG_WARN_BOOL_CONVERSION = YES;
				CLANG_WARN_CONSTANT_CONVERSION = YES;
				CLANG_WARN_DIRECT_OBJC_ISA_USAGE = YES_ERROR;
				CLANG_WARN_EMPTY_BODY = YES;
				CLANG_WARN_ENUM_CONVERSION = YES;
				CLANG_WARN_INFINITE_RECURSION = YES;
				CLANG_WARN_INT_CONVERSION = YES;
				CLANG_WARN_OBJC_ROOT_CLASS = YES_ERROR;
				CLANG_WARN_SUSPICIOUS_MOVE = YES;
				CLANG_WARN_UNREACHABLE_CODE = YES;
				CLANG_WARN__DUPLICATE_METHOD_MATCH = YES;
				COPY_PHASE_STRIP = YES;
				ENABLE_NS_ASSERTIONS = NO;
				ENABLE_STRICT_OBJC_MSGSEND = YES;
				GCC_C_LANGUAGE_STANDARD = gnu99;
				GCC_NO_COMMON_BLOCKS = YES;
				GCC_PREPROCESSOR_DEFINITIONS = "";
				GCC_WARN_64_TO_32_BIT_CONVERSION = YES;
				GCC_WARN_ABOUT_RETURN_TYPE = YES_ERROR;
				GCC_WARN_UNDECLARED_SELECTOR = YES;
				GCC_WARN_UNINITIALIZED_AUTOS = YES_AGGRESSIVE;
				GCC_WARN_UNUSED_FUNCTION = YES;
				GCC_WARN_UNUSED_VARIABLE = YES;
				IPHONEOS_DEPLOYMENT_TARGET = 8.0;
				MTL_ENABLE_DEBUG_INFO = NO;
				SDKROOT = iphoneos;
				VALIDATE_PRODUCT = YES;
			};
			name = Release;
		};
		58B511F01A9E6C8500147676 /* Debug */ = {
			isa = XCBuildConfiguration;
			buildSettings = {
				FRAMEWORK_SEARCH_PATHS = "";
				HEADER_SEARCH_PATHS = (
					"$(inherited)",
					/Applications/Xcode.app/Contents/Developer/Toolchains/XcodeDefault.xctoolchain/usr/include,
					"$(SRCROOT)/../../../React/**",
					"$(SRCROOT)/../../react-native/React/**",
				);
				LIBRARY_SEARCH_PATHS = (
					"$(inherited)",
					"$(PROJECT_DIR)/ReactNativeFlurry/Flurry",
					"$(PROJECT_DIR)/ReactNativeFlurry/FlurryConfig",
				);
				OTHER_LDFLAGS = "-ObjC";
				PRODUCT_NAME = ReactNativeFlurry;
				SDKROOT = iphoneos;
				SKIP_INSTALL = YES;
			};
			name = Debug;
		};
		58B511F11A9E6C8500147676 /* Release */ = {
			isa = XCBuildConfiguration;
			buildSettings = {
				FRAMEWORK_SEARCH_PATHS = "";
				HEADER_SEARCH_PATHS = (
					"$(inherited)",
					/Applications/Xcode.app/Contents/Developer/Toolchains/XcodeDefault.xctoolchain/usr/include,
					"$(SRCROOT)/../../../React/**",
					"$(SRCROOT)/../../react-native/React/**",
				);
				LIBRARY_SEARCH_PATHS = (
					"$(inherited)",
					"$(PROJECT_DIR)/ReactNativeFlurry/Flurry",
					"$(PROJECT_DIR)/ReactNativeFlurry/FlurryConfig",
				);
				OTHER_LDFLAGS = "-ObjC";
				PRODUCT_NAME = ReactNativeFlurry;
				SDKROOT = iphoneos;
				SKIP_INSTALL = YES;
			};
			name = Release;
		};
		BC79F54E22C18FC9006BE0D5 /* Debug */ = {
			isa = XCBuildConfiguration;
			buildSettings = {
				CLANG_ANALYZER_NONNULL = YES;
				CLANG_ANALYZER_NUMBER_OBJECT_CONVERSION = YES_AGGRESSIVE;
				CLANG_CXX_LANGUAGE_STANDARD = "gnu++14";
				CLANG_ENABLE_OBJC_WEAK = YES;
				CLANG_WARN_BLOCK_CAPTURE_AUTORELEASING = YES;
				CLANG_WARN_COMMA = YES;
				CLANG_WARN_DEPRECATED_OBJC_IMPLEMENTATIONS = YES;
				CLANG_WARN_DOCUMENTATION_COMMENTS = YES;
				CLANG_WARN_NON_LITERAL_NULL_CONVERSION = YES;
				CLANG_WARN_OBJC_IMPLICIT_RETAIN_SELF = YES;
				CLANG_WARN_OBJC_LITERAL_CONVERSION = YES;
				CLANG_WARN_RANGE_LOOP_ANALYSIS = YES;
				CLANG_WARN_STRICT_PROTOTYPES = YES;
				CLANG_WARN_UNGUARDED_AVAILABILITY = YES_AGGRESSIVE;
				CODE_SIGN_IDENTITY = "iPhone Developer";
				CODE_SIGN_STYLE = Automatic;
				DEBUG_INFORMATION_FORMAT = dwarf;
				GCC_C_LANGUAGE_STANDARD = gnu11;
				GCC_PREPROCESSOR_DEFINITIONS = (
					"DEBUG=1",
					"$(inherited)",
					"HAS_MESSAGING=1",
				);
				IPHONEOS_DEPLOYMENT_TARGET = 8.0;
				LIBRARY_SEARCH_PATHS = (
					"$(inherited)",
					"$(PROJECT_DIR)/ReactNativeFlurry/FlurryConfig",
					"$(PROJECT_DIR)/ReactNativeFlurry/FlurryMessaging",
					"$(PROJECT_DIR)/ReactNativeFlurry/Flurry",
				);
				MTL_ENABLE_DEBUG_INFO = INCLUDE_SOURCE;
				MTL_FAST_MATH = YES;
				OTHER_LDFLAGS = "-ObjC";
				PRODUCT_NAME = "$(TARGET_NAME)";
				SKIP_INSTALL = YES;
				TARGETED_DEVICE_FAMILY = "1,2";
			};
			name = Debug;
		};
		BC79F54F22C18FC9006BE0D5 /* Release */ = {
			isa = XCBuildConfiguration;
			buildSettings = {
				CLANG_ANALYZER_NONNULL = YES;
				CLANG_ANALYZER_NUMBER_OBJECT_CONVERSION = YES_AGGRESSIVE;
				CLANG_CXX_LANGUAGE_STANDARD = "gnu++14";
				CLANG_ENABLE_OBJC_WEAK = YES;
				CLANG_WARN_BLOCK_CAPTURE_AUTORELEASING = YES;
				CLANG_WARN_COMMA = YES;
				CLANG_WARN_DEPRECATED_OBJC_IMPLEMENTATIONS = YES;
				CLANG_WARN_DOCUMENTATION_COMMENTS = YES;
				CLANG_WARN_NON_LITERAL_NULL_CONVERSION = YES;
				CLANG_WARN_OBJC_IMPLICIT_RETAIN_SELF = YES;
				CLANG_WARN_OBJC_LITERAL_CONVERSION = YES;
				CLANG_WARN_RANGE_LOOP_ANALYSIS = YES;
				CLANG_WARN_STRICT_PROTOTYPES = YES;
				CLANG_WARN_UNGUARDED_AVAILABILITY = YES_AGGRESSIVE;
				CODE_SIGN_IDENTITY = "iPhone Developer";
				CODE_SIGN_STYLE = Automatic;
				COPY_PHASE_STRIP = NO;
				DEBUG_INFORMATION_FORMAT = "dwarf-with-dsym";
				GCC_C_LANGUAGE_STANDARD = gnu11;
				GCC_PREPROCESSOR_DEFINITIONS = "HAS_MESSAGING=1";
				IPHONEOS_DEPLOYMENT_TARGET = 8.0;
				LIBRARY_SEARCH_PATHS = (
					"$(inherited)",
					"$(PROJECT_DIR)/ReactNativeFlurry/FlurryConfig",
					"$(PROJECT_DIR)/ReactNativeFlurry/FlurryMessaging",
					"$(PROJECT_DIR)/ReactNativeFlurry/Flurry",
				);
				MTL_FAST_MATH = YES;
				OTHER_LDFLAGS = "-ObjC";
				PRODUCT_NAME = "$(TARGET_NAME)";
				SKIP_INSTALL = YES;
				TARGETED_DEVICE_FAMILY = "1,2";
			};
			name = Release;
		};
		BCBC947E22934C98008720F2 /* Debug */ = {
			isa = XCBuildConfiguration;
			buildSettings = {
				CLANG_ANALYZER_NONNULL = YES;
				CLANG_ANALYZER_NUMBER_OBJECT_CONVERSION = YES_AGGRESSIVE;
				CLANG_CXX_LANGUAGE_STANDARD = "gnu++14";
				CLANG_ENABLE_OBJC_WEAK = YES;
				CLANG_WARN_BLOCK_CAPTURE_AUTORELEASING = YES;
				CLANG_WARN_COMMA = YES;
				CLANG_WARN_DEPRECATED_OBJC_IMPLEMENTATIONS = YES;
				CLANG_WARN_DOCUMENTATION_COMMENTS = YES;
				CLANG_WARN_NON_LITERAL_NULL_CONVERSION = YES;
				CLANG_WARN_OBJC_IMPLICIT_RETAIN_SELF = YES;
				CLANG_WARN_OBJC_LITERAL_CONVERSION = YES;
				CLANG_WARN_RANGE_LOOP_ANALYSIS = YES;
				CLANG_WARN_STRICT_PROTOTYPES = YES;
				CLANG_WARN_UNGUARDED_AVAILABILITY = YES_AGGRESSIVE;
				CODE_SIGN_STYLE = Automatic;
				DEBUG_INFORMATION_FORMAT = dwarf;
				GCC_C_LANGUAGE_STANDARD = gnu11;
				HEADER_SEARCH_PATHS = (
					"$(inherited)",
					/Applications/Xcode.app/Contents/Developer/Toolchains/XcodeDefault.xctoolchain/usr/include,
					"$(SRCROOT)/../../../React/**",
					"$(SRCROOT)/../../react-native/React/**",
				);
				LIBRARY_SEARCH_PATHS = (
					"$(inherited)",
					"$(PROJECT_DIR)/ReactNativeFlurry/Flurry",
				);
				MTL_ENABLE_DEBUG_INFO = INCLUDE_SOURCE;
				MTL_FAST_MATH = YES;
				OTHER_LDFLAGS = "-ObjC";
				PRODUCT_NAME = "$(TARGET_NAME)";
				SDKROOT = appletvos;
				SKIP_INSTALL = YES;
				TARGETED_DEVICE_FAMILY = 3;
				TVOS_DEPLOYMENT_TARGET = 9.2;
			};
			name = Debug;
		};
		BCBC947F22934C98008720F2 /* Release */ = {
			isa = XCBuildConfiguration;
			buildSettings = {
				CLANG_ANALYZER_NONNULL = YES;
				CLANG_ANALYZER_NUMBER_OBJECT_CONVERSION = YES_AGGRESSIVE;
				CLANG_CXX_LANGUAGE_STANDARD = "gnu++14";
				CLANG_ENABLE_OBJC_WEAK = YES;
				CLANG_WARN_BLOCK_CAPTURE_AUTORELEASING = YES;
				CLANG_WARN_COMMA = YES;
				CLANG_WARN_DEPRECATED_OBJC_IMPLEMENTATIONS = YES;
				CLANG_WARN_DOCUMENTATION_COMMENTS = YES;
				CLANG_WARN_NON_LITERAL_NULL_CONVERSION = YES;
				CLANG_WARN_OBJC_IMPLICIT_RETAIN_SELF = YES;
				CLANG_WARN_OBJC_LITERAL_CONVERSION = YES;
				CLANG_WARN_RANGE_LOOP_ANALYSIS = YES;
				CLANG_WARN_STRICT_PROTOTYPES = YES;
				CLANG_WARN_UNGUARDED_AVAILABILITY = YES_AGGRESSIVE;
				CODE_SIGN_STYLE = Automatic;
				COPY_PHASE_STRIP = NO;
				DEBUG_INFORMATION_FORMAT = "dwarf-with-dsym";
				GCC_C_LANGUAGE_STANDARD = gnu11;
				HEADER_SEARCH_PATHS = (
					"$(inherited)",
					/Applications/Xcode.app/Contents/Developer/Toolchains/XcodeDefault.xctoolchain/usr/include,
					"$(SRCROOT)/../../../React/**",
					"$(SRCROOT)/../../react-native/React/**",
				);
				LIBRARY_SEARCH_PATHS = (
					"$(inherited)",
					"$(PROJECT_DIR)/ReactNativeFlurry/Flurry",
				);
				MTL_FAST_MATH = YES;
				OTHER_LDFLAGS = "-ObjC";
				PRODUCT_NAME = "$(TARGET_NAME)";
				SDKROOT = appletvos;
				SKIP_INSTALL = YES;
				TARGETED_DEVICE_FAMILY = 3;
				TVOS_DEPLOYMENT_TARGET = 9.2;
			};
			name = Release;
		};
/* End XCBuildConfiguration section */

/* Begin XCConfigurationList section */
		58B511D61A9E6C8500147676 /* Build configuration list for PBXProject "ReactNativeFlurry" */ = {
			isa = XCConfigurationList;
			buildConfigurations = (
				58B511ED1A9E6C8500147676 /* Debug */,
				58B511EE1A9E6C8500147676 /* Release */,
			);
			defaultConfigurationIsVisible = 0;
			defaultConfigurationName = Release;
		};
		58B511EF1A9E6C8500147676 /* Build configuration list for PBXNativeTarget "ReactNativeFlurry" */ = {
			isa = XCConfigurationList;
			buildConfigurations = (
				58B511F01A9E6C8500147676 /* Debug */,
				58B511F11A9E6C8500147676 /* Release */,
			);
			defaultConfigurationIsVisible = 0;
			defaultConfigurationName = Release;
		};
		BC79F55022C18FC9006BE0D5 /* Build configuration list for PBXNativeTarget "ReactNativeFlurryWithMessaging" */ = {
			isa = XCConfigurationList;
			buildConfigurations = (
				BC79F54E22C18FC9006BE0D5 /* Debug */,
				BC79F54F22C18FC9006BE0D5 /* Release */,
			);
			defaultConfigurationIsVisible = 0;
			defaultConfigurationName = Release;
		};
		BCBC947D22934C98008720F2 /* Build configuration list for PBXNativeTarget "ReactNativeFlurryTVOS" */ = {
			isa = XCConfigurationList;
			buildConfigurations = (
				BCBC947E22934C98008720F2 /* Debug */,
				BCBC947F22934C98008720F2 /* Release */,
			);
			defaultConfigurationIsVisible = 0;
			defaultConfigurationName = Release;
		};
/* End XCConfigurationList section */
	};
	rootObject = 58B511D31A9E6C8500147676 /* Project object */;
}
